<?xml version="1.0" encoding="utf-8"?>
<Project ToolsVersion="4.0" xmlns="http://schemas.microsoft.com/developer/msbuild/2003">
  <ItemGroup>
    <Filter Include="源文件">
      <UniqueIdentifier>{4FC737F1-C7A5-4376-A066-2A32D752A2FF}</UniqueIdentifier>
      <Extensions>cpp;c;cc;cxx;c++;cppm;ixx;def;odl;idl;hpj;bat;asm;asmx</Extensions>
    </Filter>
    <Filter Include="头文件">
      <UniqueIdentifier>{93995380-89BD-4b04-88EB-625FBE52EBFB}</UniqueIdentifier>
      <Extensions>h;hh;hpp;hxx;h++;hm;inl;inc;ipp;xsd</Extensions>
    </Filter>
    <Filter Include="资源文件">
      <UniqueIdentifier>{67DA6AB6-F800-4c08-8B7A-83BB121AAD01}</UniqueIdentifier>
      <Extensions>rc;ico;cur;bmp;dlg;rc2;rct;bin;rgs;gif;jpg;jpeg;jpe;resx;tiff;tif;png;wav;mfcribbon-ms</Extensions>
    </Filter>
  </ItemGroup>
  <ItemGroup>
    <ClCompile Include="main.cpp">
      <Filter>源文件</Filter>
    </ClCompile>
    <ClCompile Include="renderer\src\Context.cpp">
      <Filter>源文件</Filter>
    </ClCompile>
    <ClCompile Include="core\src\window.cpp">
      <Filter>源文件</Filter>
    </ClCompile>
    <ClCompile Include="core\src\log.cpp">
      <Filter>源文件</Filter>
    </ClCompile>
    <ClCompile Include="renderer\src\Swapchain.cpp">
      <Filter>源文件</Filter>
    </ClCompile>
    <ClCompile Include="renderer\src\ShaderPool.cpp">
      <Filter>源文件</Filter>
    </ClCompile>
    <ClCompile Include="renderer\src\Shader.cpp">
      <Filter>源文件</Filter>
    </ClCompile>
    <ClCompile Include="renderer\src\render_process.cpp">
      <Filter>源文件</Filter>
    </ClCompile>
    <ClCompile Include="renderer\src\program.cpp">
      <Filter>源文件</Filter>
    </ClCompile>
    <ClCompile Include="renderer\src\backend.cpp">
      <Filter>源文件</Filter>
    </ClCompile>
    <ClCompile Include="renderer\src\Buffer.cpp">
      <Filter>源文件</Filter>
    </ClCompile>
    <ClCompile Include="renderer\src\UIRenderer.cpp">
      <Filter>源文件</Filter>
    </ClCompile>
    <ClCompile Include="renderer\src\debugcallback.cpp">
      <Filter>源文件</Filter>
    </ClCompile>
    <ClCompile Include="glad.c">
      <Filter>源文件</Filter>
    </ClCompile>
    <ClCompile Include="imgui\ImGuiBase.cpp">
      <Filter>源文件</Filter>
    </ClCompile>
    <ClCompile Include="FrameTimer.cpp">
      <Filter>源文件</Filter>
    </ClCompile>
    <ClCompile Include="imgui\termination.cpp">
      <Filter>源文件</Filter>
    </ClCompile>
    <ClCompile Include="imgui\FrameTimeInfo.cpp">
      <Filter>源文件</Filter>
    </ClCompile>
    <ClCompile Include="imgui\ImGuiState.cpp">
      <Filter>源文件</Filter>
    </ClCompile>
    <ClCompile Include="bounds.cpp">
      <Filter>源文件</Filter>
    </ClCompile>
    <ClCompile Include="cluster.cpp">
      <Filter>源文件</Filter>
    </ClCompile>
    <ClCompile Include="hash_table.cpp">
      <Filter>源文件</Filter>
    </ClCompile>
    <ClCompile Include="partitioner.cpp">
      <Filter>源文件</Filter>
    </ClCompile>
    <ClCompile Include="mesh_simplify.cpp">
      <Filter>源文件</Filter>
    </ClCompile>
    <ClCompile Include="bit_array.cpp">
      <Filter>源文件</Filter>
    </ClCompile>
    <ClCompile Include="heap.cpp">
      <Filter>源文件</Filter>
    </ClCompile>
    <ClCompile Include="mesh.cpp">
      <Filter>源文件</Filter>
    </ClCompile>
    <ClCompile Include="stb_image.cpp">
      <Filter>源文件</Filter>
    </ClCompile>
    <ClCompile Include="core\src\input.cpp">
      <Filter>源文件</Filter>
    </ClCompile>
    <ClCompile Include="core\src\event.cpp">
      <Filter>源文件</Filter>
    </ClCompile>
    <ClCompile Include="core\src\application.cpp">
      <Filter>源文件</Filter>
    </ClCompile>
    <ClCompile Include="renderer\src\Texture.cpp">
      <Filter>源文件</Filter>
    </ClCompile>
    <ClCompile Include="renderer\src\CommandBuffer.cpp">
      <Filter>源文件</Filter>
    </ClCompile>
    <ClCompile Include="renderer\src\Sampler.cpp">
      <Filter>源文件</Filter>
    </ClCompile>
    <ClCompile Include="renderer\src\Pipeline.cpp">
      <Filter>源文件</Filter>
    </ClCompile>
    <ClCompile Include="layer\src\modelforwardLayer.cpp">
      <Filter>源文件</Filter>
    </ClCompile>
    <ClCompile Include="core\src\camera.cpp">
      <Filter>源文件</Filter>
    </ClCompile>
    <ClCompile Include="layer\src\imguiLayer.cpp">
      <Filter>源文件</Filter>
    </ClCompile>
  </ItemGroup>
  <ItemGroup>
    <ClInclude Include="renderer\Context.h">
      <Filter>头文件</Filter>
    </ClInclude>
    <ClInclude Include="core\window.h">
      <Filter>头文件</Filter>
    </ClInclude>
    <ClInclude Include="renderer\debugcallback.h">
      <Filter>头文件</Filter>
    </ClInclude>
    <ClInclude Include="core\log.h">
      <Filter>头文件</Filter>
    </ClInclude>
    <ClInclude Include="renderer\Swapchain.h">
      <Filter>头文件</Filter>
    </ClInclude>
    <ClInclude Include="renderer\Shader.h">
      <Filter>头文件</Filter>
    </ClInclude>
    <ClInclude Include="renderer\ShaderPool.h">
      <Filter>头文件</Filter>
    </ClInclude>
    <ClInclude Include="renderer\render_process.h">
      <Filter>头文件</Filter>
    </ClInclude>
    <ClInclude Include="renderer\program.h">
      <Filter>头文件</Filter>
    </ClInclude>
    <ClInclude Include="renderer\backend.h">
      <Filter>头文件</Filter>
    </ClInclude>
    <ClInclude Include="Vertex.h">
      <Filter>头文件</Filter>
    </ClInclude>
    <ClInclude Include="renderer\Buffer.h">
      <Filter>头文件</Filter>
    </ClInclude>
    <ClInclude Include="Uniform.h">
      <Filter>头文件</Filter>
    </ClInclude>
    <ClInclude Include="renderer\UIRenderer.h">
      <Filter>头文件</Filter>
    </ClInclude>
    <ClInclude Include="imgui\ImGuiBase.h">
      <Filter>头文件</Filter>
    </ClInclude>
    <ClInclude Include="FrameTimer.h">
      <Filter>头文件</Filter>
    </ClInclude>
    <ClInclude Include="imgui\termination.h">
      <Filter>头文件</Filter>
    </ClInclude>
    <ClInclude Include="imgui\FrameTimeInfo.h">
      <Filter>头文件</Filter>
    </ClInclude>
    <ClInclude Include="imgui\ImGuiState.h">
      <Filter>头文件</Filter>
    </ClInclude>
    <ClInclude Include="bounds.h">
      <Filter>头文件</Filter>
    </ClInclude>
    <ClInclude Include="cluster.h">
      <Filter>头文件</Filter>
    </ClInclude>
    <ClInclude Include="hash_table.h">
      <Filter>头文件</Filter>
    </ClInclude>
    <ClInclude Include="partitioner.h">
      <Filter>头文件</Filter>
    </ClInclude>
    <ClInclude Include="mesh_util.h">
      <Filter>头文件</Filter>
    </ClInclude>
    <ClInclude Include="mesh_simplify.h">
      <Filter>头文件</Filter>
    </ClInclude>
    <ClInclude Include="bit_array.h">
      <Filter>头文件</Filter>
    </ClInclude>
    <ClInclude Include="heap.h">
      <Filter>头文件</Filter>
    </ClInclude>
    <ClInclude Include="virtual_mesh.h">
      <Filter>头文件</Filter>
    </ClInclude>
    <ClInclude Include="mesh.h">
      <Filter>头文件</Filter>
    </ClInclude>
    <ClInclude Include="core\camera.h">
      <Filter>头文件</Filter>
    </ClInclude>
    <ClInclude Include="core\input.h">
      <Filter>头文件</Filter>
    </ClInclude>
    <ClInclude Include="core\event.h">
      <Filter>头文件</Filter>
    </ClInclude>
    <ClInclude Include="core\application.h">
      <Filter>头文件</Filter>
    </ClInclude>
    <ClInclude Include="renderer\Texture.h">
      <Filter>头文件</Filter>
    </ClInclude>
    <ClInclude Include="renderer\CommandBuffer.h">
      <Filter>头文件</Filter>
    </ClInclude>
    <ClInclude Include="renderer\Sampler.h">
      <Filter>头文件</Filter>
    </ClInclude>
    <ClInclude Include="renderer\Pipeline.h">
      <Filter>头文件</Filter>
    </ClInclude>
    <ClInclude Include="layer\layer.h">
      <Filter>头文件</Filter>
    </ClInclude>
    <ClInclude Include="layer\modelforwardLayer.h">
      <Filter>头文件</Filter>
    </ClInclude>
    <ClInclude Include="layer\src\define.h">
      <Filter>头文件</Filter>
    </ClInclude>
    <ClInclude Include="layer\imguiLayer.h">
      <Filter>头文件</Filter>
    </ClInclude>
  </ItemGroup>
</Project>